{
    "_meta": {
        "hash": {
            "sha256": "038af084184ade78e3cd24d92f691616121653d0f3602ca48b33368b2609c207"
        },
        "pipfile-spec": 6,
        "requires": {
            "python_version": "3.13"
        },
        "sources": [
            {
                "name": "pypi",
                "url": "https://pypi.org/simple",
                "verify_ssl": true
            }
        ]
    },
    "default": {
        "app": {
            "editable": true,
            "path": "."
        },
        "datetime": {
            "hashes": [
                "sha256:0abf6c51cb4ba7cee775ca46ccc727f3afdde463be28dbbe8803631fefd4a120",
                "sha256:21ec6331f87a7fcb57bd7c59e8a68bfffe6fcbf5acdbbc7b356d6a9a020191d3"
            ],
            "index": "pypi",
            "markers": "python_version >= '3.7'",
            "version": "==5.5"
        },
        "iniconfig": {
            "hashes": [
                "sha256:c76315c77db068650d49c5b56314774a7804df16fee4402c1f19d6d15d8c4730",
                "sha256:f631c04d2c48c52b84d0d0549c99ff3859c98df65b3101406327ecc7d53fbf12"
            ],
            "markers": "python_version >= '3.10'",
            "version": "==2.3.0"
        },
        "packaging": {
            "hashes": [
                "sha256:29572ef2b1f17581046b3a2227d5c611fb25ec70ca1ba8554b24b0e69331a484",
                "sha256:d443872c98d677bf60f6a1f2f8c1cb748e8fe762d2bf9d3148b5599295b0fc4f"
            ],
            "markers": "python_version >= '3.8'",
            "version": "==25.0"
        },
        "pathlib": {
            "hashes": [
                "sha256:306314b3786f4c534d0cf618cb0d3ca8f1f16a69db399d21c0571ce2661e20f6"
            ],
            "index": "pypi",
            "version": "==1.0"
        },
        "pluggy": {
            "hashes": [
                "sha256:7dcc130b76258d33b90f61b658791dede3486c3e6bfb003ee5c9bfb396dd22f3",
                "sha256:e920276dd6813095e9377c0bc5566d94c932c33b27a3e3945d8389c374dd4746"
            ],
            "markers": "python_version >= '3.9'",
            "version": "==1.6.0"
        },
        "pygments": {
            "hashes": [
                "sha256:636cb2477cec7f8952536970bc533bc43743542f70392ae026374600add5b887",
                "sha256:86540386c03d588bb81d44bc3928634ff26449851e99741617ecb9037ee5ec0b"
            ],
            "markers": "python_version >= '3.8'",
            "version": "==2.19.2"
        },
        "pytest": {
            "hashes": [
                "sha256:86c0d0b93306b961d58d62a4db4879f27fe25513d4b969df351abdddb3c30e01",
                "sha256:872f880de3fc3a5bdc88a11b39c9710c3497a547cfa9320bc3c5e62fbf272e79"
            ],
            "index": "pypi",
            "markers": "python_version >= '3.9'",
            "version": "==8.4.2"
        },
        "pytz": {
            "hashes": [
                "sha256:360b9e3dbb49a209c21ad61809c7fb453643e048b38924c765813546746e81c3",
                "sha256:5ddf76296dd8c44c26eb8f4b6f35488f3ccbf6fbbd7adee0b7262d43f0ec2f00"
            ],
            "version": "==2025.2"
        },
        "zope.interface": {
            "hashes": [
                "sha256:049ba3c7b38cc400ae08e011617635706e0f442e1d075db1b015246fcbf6091e",
                "sha256:04c2c9b58e9c177628715d85e94834efa807c1f9f0a2f57ae0f7b553e8266ac4",
                "sha256:0d88c1f106a4f06e074a3ada2d20f4a602e3f2871c4f55726ed5d91e94ec19b1",
                "sha256:265bad2df2ec070f23ff863249a89b408b11908fd4207662781fd18e3c6fc912",
                "sha256:29f09ec8bda65f7b30294328070070a2590b90f252f834ee0817cdb0e2c35f6a",
                "sha256:2bc388cebcb753d21eaf2a0481fd6f0ce6840a47300a40dcec0b56bac27d0f97",
                "sha256:2e9e4aa33b76877af903d5532545e64d24ade0f6f80d9d1a31e6efcea76a60bc",
                "sha256:36c575356732d59ffd3279ad67e302a6fe517e67db5b061b36b377ee0fa016c4",
                "sha256:376d0ef005a131b349e2088e302aa094fa23c826d2ec8a7db4b00fb33c71e0d9",
                "sha256:3e5866917ccb57d929e515a1136d729bd3fa4f367965fb16e38a4bc72cb05521",
                "sha256:415de524326ddd61a78f0816f65942fa1aa35dced19e72579ad30dd106ce523e",
                "sha256:4713bf651ec36e7eea49d2ace4f0e89bec2b33a339674874b1121f2537edc62a",
                "sha256:4ae6a1e111642dbf724f635424dcaf5a5c8abbde49eac3f452f5323ffaa10232",
                "sha256:5ec1a56b6cf9a757cbbce9da38284a01473b92b96c1517eabd99150f51f1bb69",
                "sha256:7cbb887fdbfaacb4c362dbb487033551646e28013ad5ffe72e96eb260003a1a1",
                "sha256:81ed23698bfb588c48b1756129814b890febac971ff6c8a414f82601773145bb",
                "sha256:84064876ed96ddd0744e3ad5d37134c758d77885e54113567792671405a02bac",
                "sha256:8544081e32b515bbaf1c6339eef06b23ed470cf4876ff2f575803f82a744cc43",
                "sha256:892b4b5350e58d6914858f58eb85d39fe9b992640ac6ece695f46c978046554d",
                "sha256:8b302f955c36e924e1f4fe70dd9105ff06235857861c6ae72c3b10b016aeee99",
                "sha256:8b733af6e89a2b0b8edf5ff7a37988fe4e1788806e84e72127b88c47858f0da6",
                "sha256:8d683267a6243526869cb69677dcfc663416d5f87904c1576ddec6e420687d51",
                "sha256:9c4ac009c2c8e43283842f80387c4d4b41bcbc293391c3b9ab71532ae1ccc301",
                "sha256:9dbee7925a23aa6349738892c911019d4095a96cff487b743482073ecbc174a8",
                "sha256:a5638c6be715116d3453e6d099c299c6844d54810de7445ce116424e905ede06",
                "sha256:b8147b40bfcd53803870a9519e0879ff066aeecc2fcff8295663c1b17fc38dc2",
                "sha256:caffd033b27e311b45e15f01923cc9e73c6bfd8e843b4532e29b59ee432bf893",
                "sha256:cd55965d715413038774aead54851bc3dbdd74a69f3ce30252182a94407b9905",
                "sha256:d934497c4b72d5f528d2b5ebe9b8b5a7004b5877948ebd4ea00c2432fb27178f",
                "sha256:e0b9d7e958657fad414f8272afcdf0b8a873fbbb2bb6a6287232d2f11a232bf8",
                "sha256:e195e76767847afb5379ffd67690c17d3c6efdab58dc0e477cf81ac94d5a5a15",
                "sha256:eef0a49e041f4dc4d2a6ab894b4fd0c5354e0e8037e731fb953531e59b0d3d33",
                "sha256:f00fd65343d2a241a2b17688a12f5e815aa704ed64f9ca375de5f9e0ae9c9bda",
                "sha256:f1f854bef8bc137519e4413bcc1322d55faad28b20b3ca39f7bec49d2f1b26df",
                "sha256:fa0a26d5767087170b3da9ff503221d535ea266bf61b522d0afa2590fd05db0a"
            ],
            "markers": "python_version >= '3.10'",
            "version": "==8.4"
        }
    },
    "develop": {}
}
